<?xml version="1.0" encoding="utf-8"?>
<Project ToolsVersion="4.0" xmlns="http://schemas.microsoft.com/developer/msbuild/2003">
  <ItemGroup>
    <Filter Include="Source Files">
      <UniqueIdentifier>{4FC737F1-C7A5-4376-A066-2A32D752A2FF}</UniqueIdentifier>
      <Extensions>cpp;c;cc;cxx;def;odl;idl;hpj;bat;asm;asmx</Extensions>
    </Filter>
    <Filter Include="Resource Files">
      <UniqueIdentifier>{67DA6AB6-F800-4c08-8B7A-83BB121AAD01}</UniqueIdentifier>
      <Extensions>rc;ico;cur;bmp;dlg;rc2;rct;bin;rgs;gif;jpg;jpeg;jpe;resx;tiff;tif;png;wav;mfcribbon-ms</Extensions>
    </Filter>
    <Filter Include="Source Files\Server">
      <UniqueIdentifier>{186d802d-cde5-4feb-9210-63e2336704c3}</UniqueIdentifier>
    </Filter>
    <Filter Include="Source Files\Client">
      <UniqueIdentifier>{0b7e96a9-4ec8-46cf-a907-7ee2df578a77}</UniqueIdentifier>
    </Filter>
    <Filter Include="Source Files\Test">
      <UniqueIdentifier>{49613ff2-96e1-4b98-9c92-5a3d9e314439}</UniqueIdentifier>
    </Filter>
  </ItemGroup>
  <ItemGroup>
    <ClCompile Include="src\Server\serverMain.cpp">
      <Filter>Source Files\Server</Filter>
    </ClCompile>
    <ClCompile Include="src\Test\testMain.cpp">
      <Filter>Source Files\Test</Filter>
    </ClCompile>
    <ClCompile Include="src\Client\clientMain.cpp">
      <Filter>Source Files\Client</Filter>
    </ClCompile>
    <ClCompile Include="src\Server\server.cpp">
      <Filter>Source Files\Server</Filter>
    </ClCompile>
    <ClCompile Include="src\Client\client.cpp">
      <Filter>Source Files\Client</Filter>
    </ClCompile>
    <ClCompile Include="src\Common\dataMessage.cpp">
      <Filter>Source Files</Filter>
    </ClCompile>
  </ItemGroup>
  <ItemGroup>
    <ClInclude Include="src\Server\server.h">
      <Filter>Source Files\Server</Filter>
    </ClInclude>
    <ClInclude Include="src\Client\client.h">
      <Filter>Source Files\Client</Filter>
    </ClInclude>
    <ClInclude Include="src\Common\dataMessage.h" />
  </ItemGroup>
</Project>